
Microsoft Visual Studio Solution File, Format Version 12.00
# Visual Studio Version 17
VisualStudioVersion = 17.4.33205.214
MinimumVisualStudioVersion = 10.0.40219.1
Project("{FAE04EC0-301F-11D3-BF4B-00C04F79EFBC}") = "ProjectExample", "ProjectExample\ProjectExample.csproj", "{1FAEA780-D64A-4CC3-8E8A-2F4944D25384}"
EndProject
Project("{FAE04EC0-301F-11D3-BF4B-00C04F79EFBC}") = "ProjectExample2", "ProjectExample2\ProjectExample2.csproj", "{3EA81ABF-AC58-401F-9A4B-A26830BEE85A}"
EndProject
Global
	GlobalSection(SolutionConfigurationPlatforms) = preSolution
		Debug|Any CPU = Debug|Any CPU
		Release|Any CPU = Release|Any CPU
	EndGlobalSection
	GlobalSection(ProjectConfigurationPlatforms) = postSolution
		{1FAEA780-D64A-4CC3-8E8A-2F4944D25384}.Debug|Any CPU.ActiveCfg = Debug|Any CPU
		{1FAEA780-D64A-4CC3-8E8A-2F4944D25384}.Debug|Any CPU.Build.0 = Debug|Any CPU
		{1FAEA780-D64A-4CC3-8E8A-2F4944D25384}.Release|Any CPU.ActiveCfg = Release|Any CPU
		{1FAEA780-D64A-4CC3-8E8A-2F4944D25384}.Release|Any CPU.Build.0 = Release|Any CPU
		{3EA81ABF-AC58-401F-9A4B-A26830BEE85A}.Debug|Any CPU.ActiveCfg = Debug|Any CPU
		{3EA81ABF-AC58-401F-9A4B-A26830BEE85A}.Debug|Any CPU.Build.0 = Debug|Any CPU
		{3EA81ABF-AC58-401F-9A4B-A26830BEE85A}.Release|Any CPU.ActiveCfg = Release|Any CPU
		{3EA81ABF-AC58-401F-9A4B-A26830BEE85A}.Release|Any CPU.Build.0 = Release|Any CPU
	EndGlobalSection
	GlobalSection(SolutionProperties) = preSolution
		HideSolutionNode = FALSE
	EndGlobalSection
	GlobalSection(ExtensibilityGlobals) = postSolution
		SolutionGuid = {7F5508DF-D74C-4134-8276-9BAD09E1AE01}
	EndGlobalSection
EndGlobal
